
Microsoft Visual Studio Solution File, Format Version 12.00
# Visual Studio Version 16
VisualStudioVersion = 16.0.32126.315
MinimumVisualStudioVersion = 10.0.40219.1
Project("{FAE04EC0-301F-11D3-BF4B-00C04F79EFBC}") = "Gunolandia", "Gunolandia\Gunolandia.csproj", "{7B9E5B0E-1EEA-49B9-97CB-218CBAA44387}"
EndProject
Global
	GlobalSection(SolutionConfigurationPlatforms) = preSolution
		Debug|Any CPU = Debug|Any CPU
		Release|Any CPU = Release|Any CPU
	EndGlobalSection
	GlobalSection(ProjectConfigurationPlatforms) = postSolution
		{7B9E5B0E-1EEA-49B9-97CB-218CBAA44387}.Debug|Any CPU.ActiveCfg = Debug|Any CPU
		{7B9E5B0E-1EEA-49B9-97CB-218CBAA44387}.Debug|Any CPU.Build.0 = Debug|Any CPU
		{7B9E5B0E-1EEA-49B9-97CB-218CBAA44387}.Release|Any CPU.ActiveCfg = Release|Any CPU
		{7B9E5B0E-1EEA-49B9-97CB-218CBAA44387}.Release|Any CPU.Build.0 = Release|Any CPU
	EndGlobalSection
	GlobalSection(SolutionProperties) = preSolution
		HideSolutionNode = FALSE
	EndGlobalSection
	GlobalSection(ExtensibilityGlobals) = postSolution
		SolutionGuid = {A6F25023-C23C-494D-8EFE-E191A306884F}
	EndGlobalSection
EndGlobal
